
Microsoft Visual Studio Solution File, Format Version 12.00
# Visual Studio Version 17
VisualStudioVersion = 17.2.32616.157
MinimumVisualStudioVersion = 10.0.40219.1
Project("{FAE04EC0-301F-11D3-BF4B-00C04F79EFBC}") = "GameDev", "GameDev\GameDev.csproj", "{B1F0C3C9-9AC6-44EB-85DB-F60A9E63637F}"
EndProject
Global
	GlobalSection(SolutionConfigurationPlatforms) = preSolution
		Debug|Any CPU = Debug|Any CPU
		Release|Any CPU = Release|Any CPU
	EndGlobalSection
	GlobalSection(ProjectConfigurationPlatforms) = postSolution
		{B1F0C3C9-9AC6-44EB-85DB-F60A9E63637F}.Debug|Any CPU.ActiveCfg = Debug|Any CPU
		{B1F0C3C9-9AC6-44EB-85DB-F60A9E63637F}.Debug|Any CPU.Build.0 = Debug|Any CPU
		{B1F0C3C9-9AC6-44EB-85DB-F60A9E63637F}.Release|Any CPU.ActiveCfg = Release|Any CPU
		{B1F0C3C9-9AC6-44EB-85DB-F60A9E63637F}.Release|Any CPU.Build.0 = Release|Any CPU
	EndGlobalSection
	GlobalSection(SolutionProperties) = preSolution
		HideSolutionNode = FALSE
	EndGlobalSection
	GlobalSection(ExtensibilityGlobals) = postSolution
		SolutionGuid = {78E40187-6539-4ADA-AC50-06A91D36737E}
	EndGlobalSection
EndGlobal
